
Microsoft Visual Studio Solution File, Format Version 12.00
# Visual Studio Version 16
VisualStudioVersion = 16.0.29806.167
MinimumVisualStudioVersion = 10.0.40219.1
Project("{FAE04EC0-301F-11D3-BF4B-00C04F79EFBC}") = "Drawer", "Drawer\Drawer.csproj", "{26FDA6CB-B657-4355-9FA1-AF09AADF3BF6}"
EndProject
Global
	GlobalSection(SolutionConfigurationPlatforms) = preSolution
		Debug|Any CPU = Debug|Any CPU
		Release|Any CPU = Release|Any CPU
	EndGlobalSection
	GlobalSection(ProjectConfigurationPlatforms) = postSolution
		{26FDA6CB-B657-4355-9FA1-AF09AADF3BF6}.Debug|Any CPU.ActiveCfg = Debug|Any CPU
		{26FDA6CB-B657-4355-9FA1-AF09AADF3BF6}.Debug|Any CPU.Build.0 = Debug|Any CPU
		{26FDA6CB-B657-4355-9FA1-AF09AADF3BF6}.Release|Any CPU.ActiveCfg = Release|Any CPU
		{26FDA6CB-B657-4355-9FA1-AF09AADF3BF6}.Release|Any CPU.Build.0 = Release|Any CPU
	EndGlobalSection
	GlobalSection(SolutionProperties) = preSolution
		HideSolutionNode = FALSE
	EndGlobalSection
	GlobalSection(ExtensibilityGlobals) = postSolution
		SolutionGuid = {401A9452-D039-4158-908E-5DDC4E96A7A9}
	EndGlobalSection
EndGlobal
